PODS:
  - app_attest_integrity (0.0.1):
    - Flutter
  - Flutter (1.0.0)

DEPENDENCIES:
  - app_attest_integrity (from `.symlinks/plugins/app_attest_integrity/ios`)
  - Flutter (from `Flutter`)

EXTERNAL SOURCES:
  app_attest_integrity:
    :path: ".symlinks/plugins/app_attest_integrity/ios"
  Flutter:
    :path: Flutter

SPEC CHECKSUMS:
  app_attest_integrity: 0944379c25ab94fa18dd42f63981ef9a2dcb3094
  Flutter: cabc95a1d2626b1b06e7179b784ebcf0c0cde467

PODFILE CHECKSUM: 78be583c235352b5cf1412120ab8c114754ce443

COCOAPODS: 1.16.2
